
Microsoft Visual Studio Solution File, Format Version 12.00
# Visual Studio 15
VisualStudioVersion = 15.0.26020.0
MinimumVisualStudioVersion = 10.0.40219.1
Project("{FAE04EC0-301F-11D3-BF4B-00C04F79EFBC}") = "AvaloniaAV", "AvaloniaAV\AvaloniaAV.csproj", "{E73184D4-3C54-4EBB-BA88-7F65B785CE79}"
EndProject
Project("{FAE04EC0-301F-11D3-BF4B-00C04F79EFBC}") = "AvaloniaAV.Portable", "AvaloniaAV.Portable\AvaloniaAV.Portable.csproj", "{200D5ADD-AECA-465B-9FDC-8F8DAABE4D97}"
EndProject
Project("{FAE04EC0-301F-11D3-BF4B-00C04F79EFBC}") = "RenderTest", "RenderTest\RenderTest.csproj", "{E147B78F-F1DC-46E0-8C24-949C334A174E}"
EndProject
Project("{2150E333-8FDC-42A3-9474-1A3956D46DE8}") = "MediaFoundation", "MediaFoundation", "{5D637E84-3AAE-4F48-8F6F-9D264154BB92}"
EndProject
Project("{D954291E-2A0B-460D-934E-DC6B0785DB48}") = "AvaloniaAV.MediaFoundation.Shared", "MediaFoundation\AvaloniaAV.MediaFoundation.Shared\AvaloniaAV.MediaFoundation.Shared.shproj", "{FA19AAA5-7473-4108-B51B-00B52F569E77}"
EndProject
Project("{FAE04EC0-301F-11D3-BF4B-00C04F79EFBC}") = "AvaloniaAV.MediaFoundation", "MediaFoundation\AvaloniaAV.MediaFoundation\AvaloniaAV.MediaFoundation.csproj", "{3D1A7ACC-2047-4A52-9F9D-B0BE188BB6AE}"
EndProject
Project("{FAE04EC0-301F-11D3-BF4B-00C04F79EFBC}") = "AvaloniaAV.MediaFoundation.NetFx", "MediaFoundation\AvaloniaAV.MediaFoundation.NetFx\AvaloniaAV.MediaFoundation.NetFx.csproj", "{C2CFA9F7-119F-47CD-9C42-CE3699738BFC}"
EndProject
Project("{FAE04EC0-301F-11D3-BF4B-00C04F79EFBC}") = "AvaloniaAV.MediaFoundation.UWP", "MediaFoundation\AvaloniaAV.MediaFoundation.UWP\AvaloniaAV.MediaFoundation.UWP.csproj", "{6E5D6877-8478-495C-A21E-EF467C0F2851}"
EndProject
Global
	GlobalSection(SharedMSBuildProjectFiles) = preSolution
		MediaFoundation\AvaloniaAV.MediaFoundation.Shared\AvaloniaAV.MediaFoundation.Shared.projitems*{3d1a7acc-2047-4a52-9f9d-b0be188bb6ae}*SharedItemsImports = 4
		MediaFoundation\AvaloniaAV.MediaFoundation.Shared\AvaloniaAV.MediaFoundation.Shared.projitems*{6e5d6877-8478-495c-a21e-ef467c0f2851}*SharedItemsImports = 4
		MediaFoundation\AvaloniaAV.MediaFoundation.Shared\AvaloniaAV.MediaFoundation.Shared.projitems*{c2cfa9f7-119f-47cd-9c42-ce3699738bfc}*SharedItemsImports = 4
		MediaFoundation\AvaloniaAV.MediaFoundation.Shared\AvaloniaAV.MediaFoundation.Shared.projitems*{fa19aaa5-7473-4108-b51b-00b52f569e77}*SharedItemsImports = 13
	EndGlobalSection
	GlobalSection(SolutionConfigurationPlatforms) = preSolution
		Debug|Any CPU = Debug|Any CPU
		Debug|ARM = Debug|ARM
		Debug|x64 = Debug|x64
		Debug|x86 = Debug|x86
		Release|Any CPU = Release|Any CPU
		Release|ARM = Release|ARM
		Release|x64 = Release|x64
		Release|x86 = Release|x86
	EndGlobalSection
	GlobalSection(ProjectConfigurationPlatforms) = postSolution
		{E73184D4-3C54-4EBB-BA88-7F65B785CE79}.Debug|Any CPU.ActiveCfg = Debug|Any CPU
		{E73184D4-3C54-4EBB-BA88-7F65B785CE79}.Debug|Any CPU.Build.0 = Debug|Any CPU
		{E73184D4-3C54-4EBB-BA88-7F65B785CE79}.Debug|ARM.ActiveCfg = Debug|Any CPU
		{E73184D4-3C54-4EBB-BA88-7F65B785CE79}.Debug|ARM.Build.0 = Debug|Any CPU
		{E73184D4-3C54-4EBB-BA88-7F65B785CE79}.Debug|x64.ActiveCfg = Debug|Any CPU
		{E73184D4-3C54-4EBB-BA88-7F65B785CE79}.Debug|x64.Build.0 = Debug|Any CPU
		{E73184D4-3C54-4EBB-BA88-7F65B785CE79}.Debug|x86.ActiveCfg = Debug|Any CPU
		{E73184D4-3C54-4EBB-BA88-7F65B785CE79}.Debug|x86.Build.0 = Debug|Any CPU
		{E73184D4-3C54-4EBB-BA88-7F65B785CE79}.Release|Any CPU.ActiveCfg = Release|Any CPU
		{E73184D4-3C54-4EBB-BA88-7F65B785CE79}.Release|Any CPU.Build.0 = Release|Any CPU
		{E73184D4-3C54-4EBB-BA88-7F65B785CE79}.Release|ARM.ActiveCfg = Release|Any CPU
		{E73184D4-3C54-4EBB-BA88-7F65B785CE79}.Release|ARM.Build.0 = Release|Any CPU
		{E73184D4-3C54-4EBB-BA88-7F65B785CE79}.Release|x64.ActiveCfg = Release|Any CPU
		{E73184D4-3C54-4EBB-BA88-7F65B785CE79}.Release|x64.Build.0 = Release|Any CPU
		{E73184D4-3C54-4EBB-BA88-7F65B785CE79}.Release|x86.ActiveCfg = Release|Any CPU
		{E73184D4-3C54-4EBB-BA88-7F65B785CE79}.Release|x86.Build.0 = Release|Any CPU
		{200D5ADD-AECA-465B-9FDC-8F8DAABE4D97}.Debug|Any CPU.ActiveCfg = Debug|Any CPU
		{200D5ADD-AECA-465B-9FDC-8F8DAABE4D97}.Debug|Any CPU.Build.0 = Debug|Any CPU
		{200D5ADD-AECA-465B-9FDC-8F8DAABE4D97}.Debug|ARM.ActiveCfg = Debug|Any CPU
		{200D5ADD-AECA-465B-9FDC-8F8DAABE4D97}.Debug|ARM.Build.0 = Debug|Any CPU
		{200D5ADD-AECA-465B-9FDC-8F8DAABE4D97}.Debug|x64.ActiveCfg = Debug|Any CPU
		{200D5ADD-AECA-465B-9FDC-8F8DAABE4D97}.Debug|x64.Build.0 = Debug|Any CPU
		{200D5ADD-AECA-465B-9FDC-8F8DAABE4D97}.Debug|x86.ActiveCfg = Debug|Any CPU
		{200D5ADD-AECA-465B-9FDC-8F8DAABE4D97}.Debug|x86.Build.0 = Debug|Any CPU
		{200D5ADD-AECA-465B-9FDC-8F8DAABE4D97}.Release|Any CPU.ActiveCfg = Release|Any CPU
		{200D5ADD-AECA-465B-9FDC-8F8DAABE4D97}.Release|Any CPU.Build.0 = Release|Any CPU
		{200D5ADD-AECA-465B-9FDC-8F8DAABE4D97}.Release|ARM.ActiveCfg = Release|Any CPU
		{200D5ADD-AECA-465B-9FDC-8F8DAABE4D97}.Release|ARM.Build.0 = Release|Any CPU
		{200D5ADD-AECA-465B-9FDC-8F8DAABE4D97}.Release|x64.ActiveCfg = Release|Any CPU
		{200D5ADD-AECA-465B-9FDC-8F8DAABE4D97}.Release|x64.Build.0 = Release|Any CPU
		{200D5ADD-AECA-465B-9FDC-8F8DAABE4D97}.Release|x86.ActiveCfg = Release|Any CPU
		{200D5ADD-AECA-465B-9FDC-8F8DAABE4D97}.Release|x86.Build.0 = Release|Any CPU
		{E147B78F-F1DC-46E0-8C24-949C334A174E}.Debug|Any CPU.ActiveCfg = Debug|Any CPU
		{E147B78F-F1DC-46E0-8C24-949C334A174E}.Debug|Any CPU.Build.0 = Debug|Any CPU
		{E147B78F-F1DC-46E0-8C24-949C334A174E}.Debug|ARM.ActiveCfg = Debug|Any CPU
		{E147B78F-F1DC-46E0-8C24-949C334A174E}.Debug|ARM.Build.0 = Debug|Any CPU
		{E147B78F-F1DC-46E0-8C24-949C334A174E}.Debug|x64.ActiveCfg = Debug|x64
		{E147B78F-F1DC-46E0-8C24-949C334A174E}.Debug|x64.Build.0 = Debug|x64
		{E147B78F-F1DC-46E0-8C24-949C334A174E}.Debug|x86.ActiveCfg = Debug|x86
		{E147B78F-F1DC-46E0-8C24-949C334A174E}.Debug|x86.Build.0 = Debug|x86
		{E147B78F-F1DC-46E0-8C24-949C334A174E}.Release|Any CPU.ActiveCfg = Release|Any CPU
		{E147B78F-F1DC-46E0-8C24-949C334A174E}.Release|Any CPU.Build.0 = Release|Any CPU
		{E147B78F-F1DC-46E0-8C24-949C334A174E}.Release|ARM.ActiveCfg = Release|Any CPU
		{E147B78F-F1DC-46E0-8C24-949C334A174E}.Release|ARM.Build.0 = Release|Any CPU
		{E147B78F-F1DC-46E0-8C24-949C334A174E}.Release|x64.ActiveCfg = Release|x64
		{E147B78F-F1DC-46E0-8C24-949C334A174E}.Release|x64.Build.0 = Release|x64
		{E147B78F-F1DC-46E0-8C24-949C334A174E}.Release|x86.ActiveCfg = Release|x86
		{E147B78F-F1DC-46E0-8C24-949C334A174E}.Release|x86.Build.0 = Release|x86
		{3D1A7ACC-2047-4A52-9F9D-B0BE188BB6AE}.Debug|Any CPU.ActiveCfg = Debug|Any CPU
		{3D1A7ACC-2047-4A52-9F9D-B0BE188BB6AE}.Debug|Any CPU.Build.0 = Debug|Any CPU
		{3D1A7ACC-2047-4A52-9F9D-B0BE188BB6AE}.Debug|ARM.ActiveCfg = Debug|Any CPU
		{3D1A7ACC-2047-4A52-9F9D-B0BE188BB6AE}.Debug|ARM.Build.0 = Debug|Any CPU
		{3D1A7ACC-2047-4A52-9F9D-B0BE188BB6AE}.Debug|x64.ActiveCfg = Debug|Any CPU
		{3D1A7ACC-2047-4A52-9F9D-B0BE188BB6AE}.Debug|x64.Build.0 = Debug|Any CPU
		{3D1A7ACC-2047-4A52-9F9D-B0BE188BB6AE}.Debug|x86.ActiveCfg = Debug|Any CPU
		{3D1A7ACC-2047-4A52-9F9D-B0BE188BB6AE}.Debug|x86.Build.0 = Debug|Any CPU
		{3D1A7ACC-2047-4A52-9F9D-B0BE188BB6AE}.Release|Any CPU.ActiveCfg = Release|Any CPU
		{3D1A7ACC-2047-4A52-9F9D-B0BE188BB6AE}.Release|Any CPU.Build.0 = Release|Any CPU
		{3D1A7ACC-2047-4A52-9F9D-B0BE188BB6AE}.Release|ARM.ActiveCfg = Release|Any CPU
		{3D1A7ACC-2047-4A52-9F9D-B0BE188BB6AE}.Release|ARM.Build.0 = Release|Any CPU
		{3D1A7ACC-2047-4A52-9F9D-B0BE188BB6AE}.Release|x64.ActiveCfg = Release|Any CPU
		{3D1A7ACC-2047-4A52-9F9D-B0BE188BB6AE}.Release|x64.Build.0 = Release|Any CPU
		{3D1A7ACC-2047-4A52-9F9D-B0BE188BB6AE}.Release|x86.ActiveCfg = Release|Any CPU
		{3D1A7ACC-2047-4A52-9F9D-B0BE188BB6AE}.Release|x86.Build.0 = Release|Any CPU
		{C2CFA9F7-119F-47CD-9C42-CE3699738BFC}.Debug|Any CPU.ActiveCfg = Debug|Any CPU
		{C2CFA9F7-119F-47CD-9C42-CE3699738BFC}.Debug|Any CPU.Build.0 = Debug|Any CPU
		{C2CFA9F7-119F-47CD-9C42-CE3699738BFC}.Debug|ARM.ActiveCfg = Debug|Any CPU
		{C2CFA9F7-119F-47CD-9C42-CE3699738BFC}.Debug|ARM.Build.0 = Debug|Any CPU
		{C2CFA9F7-119F-47CD-9C42-CE3699738BFC}.Debug|x64.ActiveCfg = Debug|Any CPU
		{C2CFA9F7-119F-47CD-9C42-CE3699738BFC}.Debug|x64.Build.0 = Debug|Any CPU
		{C2CFA9F7-119F-47CD-9C42-CE3699738BFC}.Debug|x86.ActiveCfg = Debug|Any CPU
		{C2CFA9F7-119F-47CD-9C42-CE3699738BFC}.Debug|x86.Build.0 = Debug|Any CPU
		{C2CFA9F7-119F-47CD-9C42-CE3699738BFC}.Release|Any CPU.ActiveCfg = Release|Any CPU
		{C2CFA9F7-119F-47CD-9C42-CE3699738BFC}.Release|Any CPU.Build.0 = Release|Any CPU
		{C2CFA9F7-119F-47CD-9C42-CE3699738BFC}.Release|ARM.ActiveCfg = Release|Any CPU
		{C2CFA9F7-119F-47CD-9C42-CE3699738BFC}.Release|ARM.Build.0 = Release|Any CPU
		{C2CFA9F7-119F-47CD-9C42-CE3699738BFC}.Release|x64.ActiveCfg = Release|Any CPU
		{C2CFA9F7-119F-47CD-9C42-CE3699738BFC}.Release|x64.Build.0 = Release|Any CPU
		{C2CFA9F7-119F-47CD-9C42-CE3699738BFC}.Release|x86.ActiveCfg = Release|Any CPU
		{C2CFA9F7-119F-47CD-9C42-CE3699738BFC}.Release|x86.Build.0 = Release|Any CPU
		{6E5D6877-8478-495C-A21E-EF467C0F2851}.Debug|Any CPU.ActiveCfg = Debug|Any CPU
		{6E5D6877-8478-495C-A21E-EF467C0F2851}.Debug|Any CPU.Build.0 = Debug|Any CPU
		{6E5D6877-8478-495C-A21E-EF467C0F2851}.Debug|ARM.ActiveCfg = Debug|ARM
		{6E5D6877-8478-495C-A21E-EF467C0F2851}.Debug|ARM.Build.0 = Debug|ARM
		{6E5D6877-8478-495C-A21E-EF467C0F2851}.Debug|x64.ActiveCfg = Debug|x64
		{6E5D6877-8478-495C-A21E-EF467C0F2851}.Debug|x64.Build.0 = Debug|x64
		{6E5D6877-8478-495C-A21E-EF467C0F2851}.Debug|x86.ActiveCfg = Debug|x86
		{6E5D6877-8478-495C-A21E-EF467C0F2851}.Debug|x86.Build.0 = Debug|x86
		{6E5D6877-8478-495C-A21E-EF467C0F2851}.Release|Any CPU.ActiveCfg = Release|Any CPU
		{6E5D6877-8478-495C-A21E-EF467C0F2851}.Release|Any CPU.Build.0 = Release|Any CPU
		{6E5D6877-8478-495C-A21E-EF467C0F2851}.Release|ARM.ActiveCfg = Release|ARM
		{6E5D6877-8478-495C-A21E-EF467C0F2851}.Release|ARM.Build.0 = Release|ARM
		{6E5D6877-8478-495C-A21E-EF467C0F2851}.Release|x64.ActiveCfg = Release|x64
		{6E5D6877-8478-495C-A21E-EF467C0F2851}.Release|x64.Build.0 = Release|x64
		{6E5D6877-8478-495C-A21E-EF467C0F2851}.Release|x86.ActiveCfg = Release|x86
		{6E5D6877-8478-495C-A21E-EF467C0F2851}.Release|x86.Build.0 = Release|x86
	EndGlobalSection
	GlobalSection(SolutionProperties) = preSolution
		HideSolutionNode = FALSE
	EndGlobalSection
	GlobalSection(NestedProjects) = preSolution
		{FA19AAA5-7473-4108-B51B-00B52F569E77} = {5D637E84-3AAE-4F48-8F6F-9D264154BB92}
		{3D1A7ACC-2047-4A52-9F9D-B0BE188BB6AE} = {5D637E84-3AAE-4F48-8F6F-9D264154BB92}
		{C2CFA9F7-119F-47CD-9C42-CE3699738BFC} = {5D637E84-3AAE-4F48-8F6F-9D264154BB92}
		{6E5D6877-8478-495C-A21E-EF467C0F2851} = {5D637E84-3AAE-4F48-8F6F-9D264154BB92}
	EndGlobalSection
EndGlobal
